
Microsoft Visual Studio Solution File, Format Version 12.00
# Visual Studio Version 17
VisualStudioVersion = 17.2.32630.192
MinimumVisualStudioVersion = 10.0.40219.1
Project("{FAE04EC0-301F-11D3-BF4B-00C04F79EFBC}") = "traning", "traning\traning.csproj", "{6C69313F-BC50-4A44-90BC-1C62E183AF86}"
EndProject
Global
	GlobalSection(SolutionConfigurationPlatforms) = preSolution
		Debug|Any CPU = Debug|Any CPU
		Release|Any CPU = Release|Any CPU
	EndGlobalSection
	GlobalSection(ProjectConfigurationPlatforms) = postSolution
		{6C69313F-BC50-4A44-90BC-1C62E183AF86}.Debug|Any CPU.ActiveCfg = Debug|Any CPU
		{6C69313F-BC50-4A44-90BC-1C62E183AF86}.Debug|Any CPU.Build.0 = Debug|Any CPU
		{6C69313F-BC50-4A44-90BC-1C62E183AF86}.Release|Any CPU.ActiveCfg = Release|Any CPU
		{6C69313F-BC50-4A44-90BC-1C62E183AF86}.Release|Any CPU.Build.0 = Release|Any CPU
	EndGlobalSection
	GlobalSection(SolutionProperties) = preSolution
		HideSolutionNode = FALSE
	EndGlobalSection
	GlobalSection(ExtensibilityGlobals) = postSolution
		SolutionGuid = {CC4FFFA0-55E2-43B3-A5AD-4A940C00A8E4}
	EndGlobalSection
EndGlobal
